{
  "name": "web",
  "lockfileVersion": 3,
  "requires": true,
  "packages": {
    "": {
      "dependencies": {
        "@babel/standalone": "^7.29.4"
      }
    },
    "node_modules/@babel/standalone": {
      "version": "7.29.4",
      "resolved": "https://registry.npmmirror.com/@babel/standalone/-/standalone-7.29.4.tgz",
      "integrity": "sha512-QuPlodN3HBcX/HcKRz0fkpr8hmqhY+OKwX89h/vBVKuSat5ohvZw4XGNwfF1LtwScmp5ILBAO7puXwJDcMEtJQ==",
      "license": "MIT",
      "engines": {
        "node": ">=6.9.0"
      }
    }
  }
}
